
Microsoft Visual Studio Solution File, Format Version 12.00
# Visual Studio Version 17
VisualStudioVersion = 17.4.33205.214
MinimumVisualStudioVersion = 10.0.40219.1
Project("{FAE04EC0-301F-11D3-BF4B-00C04F79EFBC}") = "Aula04", "Aula04\Aula04.csproj", "{97792F03-5EC6-46A2-B25A-41153B552C6F}"
EndProject
Global
	GlobalSection(SolutionConfigurationPlatforms) = preSolution
		Debug|Any CPU = Debug|Any CPU
		Release|Any CPU = Release|Any CPU
	EndGlobalSection
	GlobalSection(ProjectConfigurationPlatforms) = postSolution
		{97792F03-5EC6-46A2-B25A-41153B552C6F}.Debug|Any CPU.ActiveCfg = Debug|Any CPU
		{97792F03-5EC6-46A2-B25A-41153B552C6F}.Debug|Any CPU.Build.0 = Debug|Any CPU
		{97792F03-5EC6-46A2-B25A-41153B552C6F}.Release|Any CPU.ActiveCfg = Release|Any CPU
		{97792F03-5EC6-46A2-B25A-41153B552C6F}.Release|Any CPU.Build.0 = Release|Any CPU
	EndGlobalSection
	GlobalSection(SolutionProperties) = preSolution
		HideSolutionNode = FALSE
	EndGlobalSection
	GlobalSection(ExtensibilityGlobals) = postSolution
		SolutionGuid = {03883842-E16A-4C0E-B628-40B6E433346D}
	EndGlobalSection
EndGlobal
