
Microsoft Visual Studio Solution File, Format Version 12.00
# Visual Studio Version 17
VisualStudioVersion = 17.4.33205.214
MinimumVisualStudioVersion = 10.0.40219.1
Project("{FAE04EC0-301F-11D3-BF4B-00C04F79EFBC}") = "Aula03", "Aula03\Aula03.csproj", "{1DA31FD6-B3EC-4887-B676-D9B65A1E2765}"
EndProject
Global
	GlobalSection(SolutionConfigurationPlatforms) = preSolution
		Debug|Any CPU = Debug|Any CPU
		Release|Any CPU = Release|Any CPU
	EndGlobalSection
	GlobalSection(ProjectConfigurationPlatforms) = postSolution
		{1DA31FD6-B3EC-4887-B676-D9B65A1E2765}.Debug|Any CPU.ActiveCfg = Debug|Any CPU
		{1DA31FD6-B3EC-4887-B676-D9B65A1E2765}.Debug|Any CPU.Build.0 = Debug|Any CPU
		{1DA31FD6-B3EC-4887-B676-D9B65A1E2765}.Release|Any CPU.ActiveCfg = Release|Any CPU
		{1DA31FD6-B3EC-4887-B676-D9B65A1E2765}.Release|Any CPU.Build.0 = Release|Any CPU
	EndGlobalSection
	GlobalSection(SolutionProperties) = preSolution
		HideSolutionNode = FALSE
	EndGlobalSection
	GlobalSection(ExtensibilityGlobals) = postSolution
		SolutionGuid = {EE2B5D74-88F8-46A4-8292-CC83C5A2CB09}
	EndGlobalSection
EndGlobal
